
Microsoft Visual Studio Solution File, Format Version 12.00
# Visual Studio Version 16
VisualStudioVersion = 16.0.30621.155
MinimumVisualStudioVersion = 10.0.40219.1
Project("{FAE04EC0-301F-11D3-BF4B-00C04F79EFBC}") = "EFCollections", "EFCollections\EFCollections.csproj", "{7DB4BA5D-4828-4263-A977-5E2754A6CA54}"
EndProject
Project("{FAE04EC0-301F-11D3-BF4B-00C04F79EFBC}") = "EFCollectionsConsole", "EFCollectionsConsole\EFCollectionsConsole.csproj", "{4975ABEE-84B6-4F73-A6FE-4B902D793B79}"
EndProject
Global
	GlobalSection(SolutionConfigurationPlatforms) = preSolution
		Debug|Any CPU = Debug|Any CPU
		Release|Any CPU = Release|Any CPU
	EndGlobalSection
	GlobalSection(ProjectConfigurationPlatforms) = postSolution
		{7DB4BA5D-4828-4263-A977-5E2754A6CA54}.Debug|Any CPU.ActiveCfg = Debug|Any CPU
		{7DB4BA5D-4828-4263-A977-5E2754A6CA54}.Debug|Any CPU.Build.0 = Debug|Any CPU
		{7DB4BA5D-4828-4263-A977-5E2754A6CA54}.Release|Any CPU.ActiveCfg = Release|Any CPU
		{7DB4BA5D-4828-4263-A977-5E2754A6CA54}.Release|Any CPU.Build.0 = Release|Any CPU
		{4975ABEE-84B6-4F73-A6FE-4B902D793B79}.Debug|Any CPU.ActiveCfg = Debug|Any CPU
		{4975ABEE-84B6-4F73-A6FE-4B902D793B79}.Debug|Any CPU.Build.0 = Debug|Any CPU
		{4975ABEE-84B6-4F73-A6FE-4B902D793B79}.Release|Any CPU.ActiveCfg = Release|Any CPU
		{4975ABEE-84B6-4F73-A6FE-4B902D793B79}.Release|Any CPU.Build.0 = Release|Any CPU
	EndGlobalSection
	GlobalSection(SolutionProperties) = preSolution
		HideSolutionNode = FALSE
	EndGlobalSection
	GlobalSection(ExtensibilityGlobals) = postSolution
		SolutionGuid = {22E4EB92-45ED-43DF-B76E-8633694E45C3}
	EndGlobalSection
EndGlobal
